
Microsoft Visual Studio Solution File, Format Version 12.00
# Visual Studio Version 17
VisualStudioVersion = 17.10.34928.147
MinimumVisualStudioVersion = 10.0.40219.1
Project("{FAE04EC0-301F-11D3-BF4B-00C04F79EFBC}") = "PryGestionInventario", "PryGestionInventario\PryGestionInventario.csproj", "{1A9ED920-ABB3-40A2-B1A8-276E94C1E72D}"
EndProject
Global
	GlobalSection(SolutionConfigurationPlatforms) = preSolution
		Debug|Any CPU = Debug|Any CPU
		Release|Any CPU = Release|Any CPU
	EndGlobalSection
	GlobalSection(ProjectConfigurationPlatforms) = postSolution
		{1A9ED920-ABB3-40A2-B1A8-276E94C1E72D}.Debug|Any CPU.ActiveCfg = Debug|Any CPU
		{1A9ED920-ABB3-40A2-B1A8-276E94C1E72D}.Debug|Any CPU.Build.0 = Debug|Any CPU
		{1A9ED920-ABB3-40A2-B1A8-276E94C1E72D}.Release|Any CPU.ActiveCfg = Release|Any CPU
		{1A9ED920-ABB3-40A2-B1A8-276E94C1E72D}.Release|Any CPU.Build.0 = Release|Any CPU
	EndGlobalSection
	GlobalSection(SolutionProperties) = preSolution
		HideSolutionNode = FALSE
	EndGlobalSection
	GlobalSection(ExtensibilityGlobals) = postSolution
		SolutionGuid = {C3B51AF4-D54D-43C5-B1AE-AA259C2604D1}
	EndGlobalSection
EndGlobal
